
Microsoft Visual Studio Solution File, Format Version 12.00
# Visual Studio Version 17
VisualStudioVersion = 17.0.31919.166
MinimumVisualStudioVersion = 10.0.40219.1
Project("{FAE04EC0-301F-11D3-BF4B-00C04F79EFBC}") = "Lab02", "Lab02\Lab02.csproj", "{BDAB4883-3C9A-4DAA-BD6B-0603F31F26A9}"
EndProject
Global
	GlobalSection(SolutionConfigurationPlatforms) = preSolution
		Debug|Any CPU = Debug|Any CPU
		Release|Any CPU = Release|Any CPU
	EndGlobalSection
	GlobalSection(ProjectConfigurationPlatforms) = postSolution
		{BDAB4883-3C9A-4DAA-BD6B-0603F31F26A9}.Debug|Any CPU.ActiveCfg = Debug|Any CPU
		{BDAB4883-3C9A-4DAA-BD6B-0603F31F26A9}.Debug|Any CPU.Build.0 = Debug|Any CPU
		{BDAB4883-3C9A-4DAA-BD6B-0603F31F26A9}.Release|Any CPU.ActiveCfg = Release|Any CPU
		{BDAB4883-3C9A-4DAA-BD6B-0603F31F26A9}.Release|Any CPU.Build.0 = Release|Any CPU
	EndGlobalSection
	GlobalSection(SolutionProperties) = preSolution
		HideSolutionNode = FALSE
	EndGlobalSection
	GlobalSection(ExtensibilityGlobals) = postSolution
		SolutionGuid = {EA24D2A0-0BE3-4DF8-9B1E-4F5381E16744}
	EndGlobalSection
EndGlobal
